
Microsoft Visual Studio Solution File, Format Version 12.00
# Visual Studio Version 17
VisualStudioVersion = 17.14.36408.4
MinimumVisualStudioVersion = 10.0.40219.1
Project("{FAE04EC0-301F-11D3-BF4B-00C04F79EFBC}") = "WebUI", "WebUI\WebUI.csproj", "{E56977BE-7F9F-4449-9622-1C1AF64B2275}"
EndProject
Project("{2150E333-8FDC-42A3-9474-1A3956D46DE8}") = "src", "src", "{02EA681E-C7D8-13C7-8484-4AC65E1B71E8}"
EndProject
Project("{2150E333-8FDC-42A3-9474-1A3956D46DE8}") = "tests", "tests", "{B8F5E84C-B107-4DF8-9003-602C2FCC893D}"
EndProject
Project("{FAE04EC0-301F-11D3-BF4B-00C04F79EFBC}") = "Application", "Application\Application.csproj", "{7C35E41F-AF9C-48CB-BD9B-B0A1A8C1332E}"
EndProject
Project("{FAE04EC0-301F-11D3-BF4B-00C04F79EFBC}") = "Domain", "Domain\Domain.csproj", "{F683C083-3412-4D74-893C-36B54CC954E1}"
EndProject
Project("{FAE04EC0-301F-11D3-BF4B-00C04F79EFBC}") = "Infrastructure", "Infrastructure\Infrastructure.csproj", "{17F4069A-0052-489C-BCB0-843594C088BA}"
EndProject
Global
	GlobalSection(SolutionConfigurationPlatforms) = preSolution
		Debug|Any CPU = Debug|Any CPU
		Release|Any CPU = Release|Any CPU
	EndGlobalSection
	GlobalSection(ProjectConfigurationPlatforms) = postSolution
		{E56977BE-7F9F-4449-9622-1C1AF64B2275}.Debug|Any CPU.ActiveCfg = Debug|Any CPU
		{E56977BE-7F9F-4449-9622-1C1AF64B2275}.Debug|Any CPU.Build.0 = Debug|Any CPU
		{E56977BE-7F9F-4449-9622-1C1AF64B2275}.Release|Any CPU.ActiveCfg = Release|Any CPU
		{E56977BE-7F9F-4449-9622-1C1AF64B2275}.Release|Any CPU.Build.0 = Release|Any CPU
		{7C35E41F-AF9C-48CB-BD9B-B0A1A8C1332E}.Debug|Any CPU.ActiveCfg = Debug|Any CPU
		{7C35E41F-AF9C-48CB-BD9B-B0A1A8C1332E}.Debug|Any CPU.Build.0 = Debug|Any CPU
		{7C35E41F-AF9C-48CB-BD9B-B0A1A8C1332E}.Release|Any CPU.ActiveCfg = Release|Any CPU
		{7C35E41F-AF9C-48CB-BD9B-B0A1A8C1332E}.Release|Any CPU.Build.0 = Release|Any CPU
		{F683C083-3412-4D74-893C-36B54CC954E1}.Debug|Any CPU.ActiveCfg = Debug|Any CPU
		{F683C083-3412-4D74-893C-36B54CC954E1}.Debug|Any CPU.Build.0 = Debug|Any CPU
		{F683C083-3412-4D74-893C-36B54CC954E1}.Release|Any CPU.ActiveCfg = Release|Any CPU
		{F683C083-3412-4D74-893C-36B54CC954E1}.Release|Any CPU.Build.0 = Release|Any CPU
		{17F4069A-0052-489C-BCB0-843594C088BA}.Debug|Any CPU.ActiveCfg = Debug|Any CPU
		{17F4069A-0052-489C-BCB0-843594C088BA}.Debug|Any CPU.Build.0 = Debug|Any CPU
		{17F4069A-0052-489C-BCB0-843594C088BA}.Release|Any CPU.ActiveCfg = Release|Any CPU
		{17F4069A-0052-489C-BCB0-843594C088BA}.Release|Any CPU.Build.0 = Release|Any CPU
	EndGlobalSection
	GlobalSection(SolutionProperties) = preSolution
		HideSolutionNode = FALSE
	EndGlobalSection
	GlobalSection(NestedProjects) = preSolution
		{E56977BE-7F9F-4449-9622-1C1AF64B2275} = {02EA681E-C7D8-13C7-8484-4AC65E1B71E8}
		{7C35E41F-AF9C-48CB-BD9B-B0A1A8C1332E} = {02EA681E-C7D8-13C7-8484-4AC65E1B71E8}
		{F683C083-3412-4D74-893C-36B54CC954E1} = {02EA681E-C7D8-13C7-8484-4AC65E1B71E8}
		{17F4069A-0052-489C-BCB0-843594C088BA} = {02EA681E-C7D8-13C7-8484-4AC65E1B71E8}
	EndGlobalSection
	GlobalSection(ExtensibilityGlobals) = postSolution
		SolutionGuid = {B0808F46-A995-4CD5-872E-1FC19CA93A57}
	EndGlobalSection
EndGlobal
